
Microsoft Visual Studio Solution File, Format Version 12.00
# Visual Studio 15
VisualStudioVersion = 15.0.27428.2011
MinimumVisualStudioVersion = 10.0.40219.1
Project("{FAE04EC0-301F-11D3-BF4B-00C04F79EFBC}") = "Word_Guessing", "Word_Guessing\Word_Guessing.csproj", "{BC623FEE-B698-4BF5-90C5-1A255A028836}"
EndProject
Global
	GlobalSection(SolutionConfigurationPlatforms) = preSolution
		Debug|Any CPU = Debug|Any CPU
		Release|Any CPU = Release|Any CPU
	EndGlobalSection
	GlobalSection(ProjectConfigurationPlatforms) = postSolution
		{BC623FEE-B698-4BF5-90C5-1A255A028836}.Debug|Any CPU.ActiveCfg = Debug|Any CPU
		{BC623FEE-B698-4BF5-90C5-1A255A028836}.Debug|Any CPU.Build.0 = Debug|Any CPU
		{BC623FEE-B698-4BF5-90C5-1A255A028836}.Release|Any CPU.ActiveCfg = Release|Any CPU
		{BC623FEE-B698-4BF5-90C5-1A255A028836}.Release|Any CPU.Build.0 = Release|Any CPU
	EndGlobalSection
	GlobalSection(SolutionProperties) = preSolution
		HideSolutionNode = FALSE
	EndGlobalSection
	GlobalSection(ExtensibilityGlobals) = postSolution
		SolutionGuid = {C75D923B-C4B5-4886-A873-1BEB931D203A}
	EndGlobalSection
EndGlobal
