
Microsoft Visual Studio Solution File, Format Version 12.00
# Visual Studio 15
VisualStudioVersion = 15.0.27428.2011
MinimumVisualStudioVersion = 10.0.40219.1
Project("{FAE04EC0-301F-11D3-BF4B-00C04F79EFBC}") = "lab03", "lab03\lab03.csproj", "{CE79FF15-E342-4E9C-98BA-6D9F8ABAC50D}"
EndProject
Project("{FAE04EC0-301F-11D3-BF4B-00C04F79EFBC}") = "lab03Test", "lab03Test\lab03Test.csproj", "{CBBD018A-A35A-46BC-BB40-4B52A74E7635}"
EndProject
Global
	GlobalSection(SolutionConfigurationPlatforms) = preSolution
		Debug|Any CPU = Debug|Any CPU
		Release|Any CPU = Release|Any CPU
	EndGlobalSection
	GlobalSection(ProjectConfigurationPlatforms) = postSolution
		{CE79FF15-E342-4E9C-98BA-6D9F8ABAC50D}.Debug|Any CPU.ActiveCfg = Debug|Any CPU
		{CE79FF15-E342-4E9C-98BA-6D9F8ABAC50D}.Debug|Any CPU.Build.0 = Debug|Any CPU
		{CE79FF15-E342-4E9C-98BA-6D9F8ABAC50D}.Release|Any CPU.ActiveCfg = Release|Any CPU
		{CE79FF15-E342-4E9C-98BA-6D9F8ABAC50D}.Release|Any CPU.Build.0 = Release|Any CPU
		{CBBD018A-A35A-46BC-BB40-4B52A74E7635}.Debug|Any CPU.ActiveCfg = Debug|Any CPU
		{CBBD018A-A35A-46BC-BB40-4B52A74E7635}.Debug|Any CPU.Build.0 = Debug|Any CPU
		{CBBD018A-A35A-46BC-BB40-4B52A74E7635}.Release|Any CPU.ActiveCfg = Release|Any CPU
		{CBBD018A-A35A-46BC-BB40-4B52A74E7635}.Release|Any CPU.Build.0 = Release|Any CPU
	EndGlobalSection
	GlobalSection(SolutionProperties) = preSolution
		HideSolutionNode = FALSE
	EndGlobalSection
	GlobalSection(ExtensibilityGlobals) = postSolution
		SolutionGuid = {6E42904C-8175-44DA-BD90-4A9E7653422A}
	EndGlobalSection
EndGlobal
